
Microsoft Visual Studio Solution File, Format Version 10.00
# Visual C# Express 2008
Project("{FAE04EC0-301F-11D3-BF4B-00C04F79EFBC}") = "num17", "num17.csproj", "{D5646ACF-25D2-4503-BD3A-D47CAFFECB62}"
EndProject
Global
	GlobalSection(SolutionConfigurationPlatforms) = preSolution
		Debug|Any CPU = Debug|Any CPU
		Release|Any CPU = Release|Any CPU
	EndGlobalSection
	GlobalSection(ProjectConfigurationPlatforms) = postSolution
		{D5646ACF-25D2-4503-BD3A-D47CAFFECB62}.Debug|Any CPU.ActiveCfg = Debug|Any CPU
		{D5646ACF-25D2-4503-BD3A-D47CAFFECB62}.Debug|Any CPU.Build.0 = Debug|Any CPU
		{D5646ACF-25D2-4503-BD3A-D47CAFFECB62}.Release|Any CPU.ActiveCfg = Release|Any CPU
		{D5646ACF-25D2-4503-BD3A-D47CAFFECB62}.Release|Any CPU.Build.0 = Release|Any CPU
	EndGlobalSection
	GlobalSection(SolutionProperties) = preSolution
		HideSolutionNode = FALSE
	EndGlobalSection
EndGlobal
